%{"httpotion": {:git, "git://github.com/myfreeweb/httpotion.git", "3346c05b5ba31f8d8b60090341e155f06c7dbc33", []},
  "ibrowse": {:git, "git://github.com/cmullaparthi/ibrowse.git", "7871e2ebe8811efb64e1917e2de455fa87e8dfe3", [tag: "v4.1.0"]},
  "json": {:git, "git://github.com/cblage/elixir-json.git", "725ea02b992aba35c18d0e9c7c3da54689670baf", []}}
